// !$*UTF8*$!
{
	archiveVersion = 1;
	classes = {
	};
	objectVersion = 46;
	objects = {

/* Begin PBXBuildFile section */
		DE04AD791EB1FC7600890FCD /* AppDelegate.swift in Sources */ = {isa = PBXBuildFile; fileRef = DE04AD781EB1FC7600890FCD /* AppDelegate.swift */; };
		DE04AD7B1EB1FC7600890FCD /* ViewController.swift in Sources */ = {isa = PBXBuildFile; fileRef = DE04AD7A1EB1FC7600890FCD /* ViewController.swift */; };
		DE04AD7E1EB1FC7600890FCD /* Main.storyboard in Resources */ = {isa = PBXBuildFile; fileRef = DE04AD7C1EB1FC7600890FCD /* Main.storyboard */; };
		DE04AD811EB1FC7600890FCD /* Booking_App.xcdatamodeld in Sources */ = {isa = PBXBuildFile; fileRef = DE04AD7F1EB1FC7600890FCD /* Booking_App.xcdatamodeld */; };
		DE04AD831EB1FC7600890FCD /* Assets.xcassets in Resources */ = {isa = PBXBuildFile; fileRef = DE04AD821EB1FC7600890FCD /* Assets.xcassets */; };
		DE04AD861EB1FC7600890FCD /* LaunchScreen.storyboard in Resources */ = {isa = PBXBuildFile; fileRef = DE04AD841EB1FC7600890FCD /* LaunchScreen.storyboard */; };
		DE04AD8E1EB2016D00890FCD /* TableViewController.swift in Sources */ = {isa = PBXBuildFile; fileRef = DE04AD8D1EB2016D00890FCD /* TableViewController.swift */; };
		DE04AD901EB2045700890FCD /* TableViewControllerCatalogo.swift in Sources */ = {isa = PBXBuildFile; fileRef = DE04AD8F1EB2045600890FCD /* TableViewControllerCatalogo.swift */; };
		DE04AD921EB208AA00890FCD /* reservar.swift in Sources */ = {isa = PBXBuildFile; fileRef = DE04AD911EB208AA00890FCD /* reservar.swift */; };
		DE04AD941EB20A2000890FCD /* InformacionHotel.swift in Sources */ = {isa = PBXBuildFile; fileRef = DE04AD931EB20A2000890FCD /* InformacionHotel.swift */; };
		DE04AD961EB20DED00890FCD /* Url.swift in Sources */ = {isa = PBXBuildFile; fileRef = DE04AD951EB20DEC00890FCD /* Url.swift */; };
		DE04AD981EB20E9900890FCD /* Mapa.swift in Sources */ = {isa = PBXBuildFile; fileRef = DE04AD971EB20E9900890FCD /* Mapa.swift */; };
		DE04AD9A1EB20FAC00890FCD /* vistapdf.swift in Sources */ = {isa = PBXBuildFile; fileRef = DE04AD991EB20FAC00890FCD /* vistapdf.swift */; };
		DE04AD9C1EB2109900890FCD /* VCMapView.swift in Sources */ = {isa = PBXBuildFile; fileRef = DE04AD9B1EB2109900890FCD /* VCMapView.swift */; };
		DE04AD9E1EB210C600890FCD /* Artwork.swift in Sources */ = {isa = PBXBuildFile; fileRef = DE04AD9D1EB210C600890FCD /* Artwork.swift */; };
		DE50C2DD1EB79D520039519E /* Reserva.swift in Sources */ = {isa = PBXBuildFile; fileRef = DE50C2DC1EB79D520039519E /* Reserva.swift */; };
		DE82EBFA1EB4DA02001D18A1 /* Hotel.swift in Sources */ = {isa = PBXBuildFile; fileRef = DE82EBF91EB4DA02001D18A1 /* Hotel.swift */; };
		DE8705B11EB879B900538639 /* PDFS in Resources */ = {isa = PBXBuildFile; fileRef = DE8705B01EB879B900538639 /* PDFS */; };
/* End PBXBuildFile section */

/* Begin PBXFileReference section */
		DE04AD751EB1FC7600890FCD /* Booking App.app */ = {isa = PBXFileReference; explicitFileType = wrapper.application; includeInIndex = 0; path = "Booking App.app"; sourceTree = BUILT_PRODUCTS_DIR; };
		DE04AD781EB1FC7600890FCD /* AppDelegate.swift */ = {isa = PBXFileReference; lastKnownFileType = sourcecode.swift; path = AppDelegate.swift; sourceTree = "<group>"; };
		DE04AD7A1EB1FC7600890FCD /* ViewController.swift */ = {isa = PBXFileReference; lastKnownFileType = sourcecode.swift; path = ViewController.swift; sourceTree = "<group>"; };
		DE04AD7D1EB1FC7600890FCD /* Base */ = {isa = PBXFileReference; lastKnownFileType = file.storyboard; name = Base; path = Base.lproj/Main.storyboard; sourceTree = "<group>"; };
		DE04AD801EB1FC7600890FCD /* Booking_App.xcdatamodel */ = {isa = PBXFileReference; lastKnownFileType = wrapper.xcdatamodel; path = Booking_App.xcdatamodel; sourceTree = "<group>"; };
		DE04AD821EB1FC7600890FCD /* Assets.xcassets */ = {isa = PBXFileReference; lastKnownFileType = folder.assetcatalog; path = Assets.xcassets; sourceTree = "<group>"; };
		DE04AD851EB1FC7600890FCD /* Base */ = {isa = PBXFileReference; lastKnownFileType = file.storyboard; name = Base; path = Base.lproj/LaunchScreen.storyboard; sourceTree = "<group>"; };
		DE04AD871EB1FC7600890FCD /* Info.plist */ = {isa = PBXFileReference; lastKnownFileType = text.plist.xml; path = Info.plist; sourceTree = "<group>"; };
		DE04AD8D1EB2016D00890FCD /* TableViewController.swift */ = {isa = PBXFileReference; fileEncoding = 4; lastKnownFileType = sourcecode.swift; path = TableViewController.swift; sourceTree = "<group>"; };
		DE04AD8F1EB2045600890FCD /* TableViewControllerCatalogo.swift */ = {isa = PBXFileReference; fileEncoding = 4; lastKnownFileType = sourcecode.swift; path = TableViewControllerCatalogo.swift; sourceTree = "<group>"; };
		DE04AD911EB208AA00890FCD /* reservar.swift */ = {isa = PBXFileReference; fileEncoding = 4; lastKnownFileType = sourcecode.swift; path = reservar.swift; sourceTree = "<group>"; };
		DE04AD931EB20A2000890FCD /* InformacionHotel.swift */ = {isa = PBXFileReference; fileEncoding = 4; lastKnownFileType = sourcecode.swift; path = InformacionHotel.swift; sourceTree = "<group>"; };
		DE04AD951EB20DEC00890FCD /* Url.swift */ = {isa = PBXFileReference; fileEncoding = 4; lastKnownFileType = sourcecode.swift; path = Url.swift; sourceTree = "<group>"; };
		DE04AD971EB20E9900890FCD /* Mapa.swift */ = {isa = PBXFileReference; fileEncoding = 4; lastKnownFileType = sourcecode.swift; path = Mapa.swift; sourceTree = "<group>"; };
		DE04AD991EB20FAC00890FCD /* vistapdf.swift */ = {isa = PBXFileReference; fileEncoding = 4; lastKnownFileType = sourcecode.swift; path = vistapdf.swift; sourceTree = "<group>"; };
		DE04AD9B1EB2109900890FCD /* VCMapView.swift */ = {isa = PBXFileReference; fileEncoding = 4; lastKnownFileType = sourcecode.swift; path = VCMapView.swift; sourceTree = "<group>"; };
		DE04AD9D1EB210C600890FCD /* Artwork.swift */ = {isa = PBXFileReference; fileEncoding = 4; lastKnownFileType = sourcecode.swift; path = Artwork.swift; sourceTree = "<group>"; };
		DE50C2DC1EB79D520039519E /* Reserva.swift */ = {isa = PBXFileReference; fileEncoding = 4; lastKnownFileType = sourcecode.swift; path = Reserva.swift; sourceTree = "<group>"; };
		DE82EBF91EB4DA02001D18A1 /* Hotel.swift */ = {isa = PBXFileReference; fileEncoding = 4; lastKnownFileType = sourcecode.swift; path = Hotel.swift; sourceTree = "<group>"; };
		DE8705B01EB879B900538639 /* PDFS */ = {isa = PBXFileReference; lastKnownFileType = folder; name = PDFS; path = ../../PDFS; sourceTree = "<group>"; };
/* End PBXFileReference section */

/* Begin PBXFrameworksBuildPhase section */
		DE04AD721EB1FC7600890FCD /* Frameworks */ = {
			isa = PBXFrameworksBuildPhase;
			buildActionMask = 2147483647;
			files = (
			);
			runOnlyForDeploymentPostprocessing = 0;
		};
/* End PBXFrameworksBuildPhase section */

/* Begin PBXGroup section */
		DE04AD6C1EB1FC7600890FCD = {
			isa = PBXGroup;
			children = (
				DE04AD771EB1FC7600890FCD /* Booking App */,
				DE04AD761EB1FC7600890FCD /* Products */,
			);
			sourceTree = "<group>";
		};
		DE04AD761EB1FC7600890FCD /* Products */ = {
			isa = PBXGroup;
			children = (
				DE04AD751EB1FC7600890FCD /* Booking App.app */,
			);
			name = Products;
			sourceTree = "<group>";
		};
		DE04AD771EB1FC7600890FCD /* Booking App */ = {
			isa = PBXGroup;
			children = (
				DE8705B01EB879B900538639 /* PDFS */,
				DE04AD781EB1FC7600890FCD /* AppDelegate.swift */,
				DE04AD7A1EB1FC7600890FCD /* ViewController.swift */,
				DE04AD8D1EB2016D00890FCD /* TableViewController.swift */,
				DE04AD8F1EB2045600890FCD /* TableViewControllerCatalogo.swift */,
				DE04AD911EB208AA00890FCD /* reservar.swift */,
				DE04AD931EB20A2000890FCD /* InformacionHotel.swift */,
				DE04AD951EB20DEC00890FCD /* Url.swift */,
				DE04AD971EB20E9900890FCD /* Mapa.swift */,
				DE04AD991EB20FAC00890FCD /* vistapdf.swift */,
				DE04AD9B1EB2109900890FCD /* VCMapView.swift */,
				DE04AD9D1EB210C600890FCD /* Artwork.swift */,
				DE82EBF91EB4DA02001D18A1 /* Hotel.swift */,
				DE50C2DC1EB79D520039519E /* Reserva.swift */,
				DE04AD7C1EB1FC7600890FCD /* Main.storyboard */,
				DE04AD821EB1FC7600890FCD /* Assets.xcassets */,
				DE04AD841EB1FC7600890FCD /* LaunchScreen.storyboard */,
				DE04AD871EB1FC7600890FCD /* Info.plist */,
				DE04AD7F1EB1FC7600890FCD /* Booking_App.xcdatamodeld */,
			);
			path = "Booking App";
			sourceTree = "<group>";
		};
/* End PBXGroup section */

/* Begin PBXNativeTarget section */
		DE04AD741EB1FC7600890FCD /* Booking App */ = {
			isa = PBXNativeTarget;
			buildConfigurationList = DE04AD8A1EB1FC7600890FCD /* Build configuration list for PBXNativeTarget "Booking App" */;
			buildPhases = (
				DE04AD711EB1FC7600890FCD /* Sources */,
				DE04AD721EB1FC7600890FCD /* Frameworks */,
				DE04AD731EB1FC7600890FCD /* Resources */,
			);
			buildRules = (
			);
			dependencies = (
			);
			name = "Booking App";
			productName = "Booking App";
			productReference = DE04AD751EB1FC7600890FCD /* Booking App.app */;
			productType = "com.apple.product-type.application";
		};
/* End PBXNativeTarget section */

/* Begin PBXProject section */
		DE04AD6D1EB1FC7600890FCD /* Project object */ = {
			isa = PBXProject;
			attributes = {
				LastSwiftUpdateCheck = 0820;
				LastUpgradeCheck = 0820;
				ORGANIZATIONNAME = user126228;
				TargetAttributes = {
					DE04AD741EB1FC7600890FCD = {
						CreatedOnToolsVersion = 8.2.1;
						ProvisioningStyle = Automatic;
					};
				};
			};
			buildConfigurationList = DE04AD701EB1FC7600890FCD /* Build configuration list for PBXProject "Booking App" */;
			compatibilityVersion = "Xcode 3.2";
			developmentRegion = English;
			hasScannedForEncodings = 0;
			knownRegions = (
				en,
				Base,
			);
			mainGroup = DE04AD6C1EB1FC7600890FCD;
			productRefGroup = DE04AD761EB1FC7600890FCD /* Products */;
			projectDirPath = "";
			projectRoot = "";
			targets = (
				DE04AD741EB1FC7600890FCD /* Booking App */,
			);
		};
/* End PBXProject section */

/* Begin PBXResourcesBuildPhase section */
		DE04AD731EB1FC7600890FCD /* Resources */ = {
			isa = PBXResourcesBuildPhase;
			buildActionMask = 2147483647;
			files = (
				DE04AD861EB1FC7600890FCD /* LaunchScreen.storyboard in Resources */,
				DE8705B11EB879B900538639 /* PDFS in Resources */,
				DE04AD831EB1FC7600890FCD /* Assets.xcassets in Resources */,
				DE04AD7E1EB1FC7600890FCD /* Main.storyboard in Resources */,
			);
			runOnlyForDeploymentPostprocessing = 0;
		};
/* End PBXResourcesBuildPhase section */

/* Begin PBXSourcesBuildPhase section */
		DE04AD711EB1FC7600890FCD /* Sources */ = {
			isa = PBXSourcesBuildPhase;
			buildActionMask = 2147483647;
			files = (
				DE04AD7B1EB1FC7600890FCD /* ViewController.swift in Sources */,
				DE04AD811EB1FC7600890FCD /* Booking_App.xcdatamodeld in Sources */,
				DE04AD981EB20E9900890FCD /* Mapa.swift in Sources */,
				DE04AD941EB20A2000890FCD /* InformacionHotel.swift in Sources */,
				DE50C2DD1EB79D520039519E /* Reserva.swift in Sources */,
				DE04AD9C1EB2109900890FCD /* VCMapView.swift in Sources */,
				DE04AD9A1EB20FAC00890FCD /* vistapdf.swift in Sources */,
				DE04AD791EB1FC7600890FCD /* AppDelegate.swift in Sources */,
				DE04AD901EB2045700890FCD /* TableViewControllerCatalogo.swift in Sources */,
				DE04AD8E1EB2016D00890FCD /* TableViewController.swift in Sources */,
				DE04AD921EB208AA00890FCD /* reservar.swift in Sources */,
				DE04AD9E1EB210C600890FCD /* Artwork.swift in Sources */,
				DE04AD961EB20DED00890FCD /* Url.swift in Sources */,
				DE82EBFA1EB4DA02001D18A1 /* Hotel.swift in Sources */,
			);
			runOnlyForDeploymentPostprocessing = 0;
		};
/* End PBXSourcesBuildPhase section */

/* Begin PBXVariantGroup section */
		DE04AD7C1EB1FC7600890FCD /* Main.storyboard */ = {
			isa = PBXVariantGroup;
			children = (
				DE04AD7D1EB1FC7600890FCD /* Base */,
			);
			name = Main.storyboard;
			sourceTree = "<group>";
		};
		DE04AD841EB1FC7600890FCD /* LaunchScreen.storyboard */ = {
			isa = PBXVariantGroup;
			children = (
				DE04AD851EB1FC7600890FCD /* Base */,
			);
			name = LaunchScreen.storyboard;
			sourceTree = "<group>";
		};
/* End PBXVariantGroup section */

/* Begin XCBuildConfiguration section */
		DE04AD881EB1FC7600890FCD /* Debug */ = {
			isa = XCBuildConfiguration;
			buildSettings = {
				ALWAYS_SEARCH_USER_PATHS = NO;
				CLANG_ANALYZER_NONNULL = YES;
				CLANG_CXX_LANGUAGE_STANDARD = "gnu++0x";
				CLANG_CXX_LIBRARY = "libc++";
				CLANG_ENABLE_MODULES = YES;
				CLANG_ENABLE_OBJC_ARC = YES;
				CLANG_WARN_BOOL_CONVERSION = YES;
				CLANG_WARN_CONSTANT_CONVERSION = YES;
				CLANG_WARN_DIRECT_OBJC_ISA_USAGE = YES_ERROR;
				CLANG_WARN_DOCUMENTATION_COMMENTS = YES;
				CLANG_WARN_EMPTY_BODY = YES;
				CLANG_WARN_ENUM_CONVERSION = YES;
				CLANG_WARN_INFINITE_RECURSION = YES;
				CLANG_WARN_INT_CONVERSION = YES;
				CLANG_WARN_OBJC_ROOT_CLASS = YES_ERROR;
				CLANG_WARN_SUSPICIOUS_MOVE = YES;
				CLANG_WARN_UNREACHABLE_CODE = YES;
				CLANG_WARN__DUPLICATE_METHOD_MATCH = YES;
				"CODE_SIGN_IDENTITY[sdk=iphoneos*]" = "iPhone Developer";
				COPY_PHASE_STRIP = NO;
				DEBUG_INFORMATION_FORMAT = dwarf;
				ENABLE_STRICT_OBJC_MSGSEND = YES;
				ENABLE_TESTABILITY = YES;
				GCC_C_LANGUAGE_STANDARD = gnu99;
				GCC_DYNAMIC_NO_PIC = NO;
				GCC_NO_COMMON_BLOCKS = YES;
				GCC_OPTIMIZATION_LEVEL = 0;
				GCC_PREPROCESSOR_DEFINITIONS = (
					"DEBUG=1",
					"$(inherited)",
				);
				GCC_WARN_64_TO_32_BIT_CONVERSION = YES;
				GCC_WARN_ABOUT_RETURN_TYPE = YES_ERROR;
				GCC_WARN_UNDECLARED_SELECTOR = YES;
				GCC_WARN_UNINITIALIZED_AUTOS = YES_AGGRESSIVE;
				GCC_WARN_UNUSED_FUNCTION = YES;
				GCC_WARN_UNUSED_VARIABLE = YES;
				IPHONEOS_DEPLOYMENT_TARGET = 10.2;
				MTL_ENABLE_DEBUG_INFO = YES;
				ONLY_ACTIVE_ARCH = YES;
				SDKROOT = iphoneos;
				SWIFT_ACTIVE_COMPILATION_CONDITIONS = DEBUG;
				SWIFT_OPTIMIZATION_LEVEL = "-Onone";
				TARGETED_DEVICE_FAMILY = "1,2";
			};
			name = Debug;
		};
		DE04AD891EB1FC7600890FCD /* Release */ = {
			isa = XCBuildConfiguration;
			buildSettings = {
				ALWAYS_SEARCH_USER_PATHS = NO;
				CLANG_ANALYZER_NONNULL = YES;
				CLANG_CXX_LANGUAGE_STANDARD = "gnu++0x";
				CLANG_CXX_LIBRARY = "libc++";
				CLANG_ENABLE_MODULES = YES;
				CLANG_ENABLE_OBJC_ARC = YES;
				CLANG_WARN_BOOL_CONVERSION = YES;
				CLANG_WARN_CONSTANT_CONVERSION = YES;
				CLANG_WARN_DIRECT_OBJC_ISA_USAGE = YES_ERROR;
				CLANG_WARN_DOCUMENTATION_COMMENTS = YES;
				CLANG_WARN_EMPTY_BODY = YES;
				CLANG_WARN_ENUM_CONVERSION = YES;
				CLANG_WARN_INFINITE_RECURSION = YES;
				CLANG_WARN_INT_CONVERSION = YES;
				CLANG_WARN_OBJC_ROOT_CLASS = YES_ERROR;
				CLANG_WARN_SUSPICIOUS_MOVE = YES;
				CLANG_WARN_UNREACHABLE_CODE = YES;
				CLANG_WARN__DUPLICATE_METHOD_MATCH = YES;
				"CODE_SIGN_IDENTITY[sdk=iphoneos*]" = "iPhone Developer";
				COPY_PHASE_STRIP = NO;
				DEBUG_INFORMATION_FORMAT = "dwarf-with-dsym";
				ENABLE_NS_ASSERTIONS = NO;
				ENABLE_STRICT_OBJC_MSGSEND = YES;
				GCC_C_LANGUAGE_STANDARD = gnu99;
				GCC_NO_COMMON_BLOCKS = YES;
				GCC_WARN_64_TO_32_BIT_CONVERSION = YES;
				GCC_WARN_ABOUT_RETURN_TYPE = YES_ERROR;
				GCC_WARN_UNDECLARED_SELECTOR = YES;
				GCC_WARN_UNINITIALIZED_AUTOS = YES_AGGRESSIVE;
				GCC_WARN_UNUSED_FUNCTION = YES;
				GCC_WARN_UNUSED_VARIABLE = YES;
				IPHONEOS_DEPLOYMENT_TARGET = 10.2;
				MTL_ENABLE_DEBUG_INFO = NO;
				SDKROOT = iphoneos;
				SWIFT_OPTIMIZATION_LEVEL = "-Owholemodule";
				TARGETED_DEVICE_FAMILY = "1,2";
				VALIDATE_PRODUCT = YES;
			};
			name = Release;
		};
		DE04AD8B1EB1FC7600890FCD /* Debug */ = {
			isa = XCBuildConfiguration;
			buildSettings = {
				ASSETCATALOG_COMPILER_APPICON_NAME = AppIcon;
				INFOPLIST_FILE = "Booking App/Info.plist";
				LD_RUNPATH_SEARCH_PATHS = "$(inherited) @executable_path/Frameworks";
				PRODUCT_BUNDLE_IDENTIFIER = "com.Telefonica.Booking-App";
				PRODUCT_NAME = "$(TARGET_NAME)";
				SWIFT_VERSION = 3.0;
			};
			name = Debug;
		};
		DE04AD8C1EB1FC7600890FCD /* Release */ = {
			isa = XCBuildConfiguration;
			buildSettings = {
				ASSETCATALOG_COMPILER_APPICON_NAME = AppIcon;
				INFOPLIST_FILE = "Booking App/Info.plist";
				LD_RUNPATH_SEARCH_PATHS = "$(inherited) @executable_path/Frameworks";
				PRODUCT_BUNDLE_IDENTIFIER = "com.Telefonica.Booking-App";
				PRODUCT_NAME = "$(TARGET_NAME)";
				SWIFT_VERSION = 3.0;
			};
			name = Release;
		};
/* End XCBuildConfiguration section */

/* Begin XCConfigurationList section */
		DE04AD701EB1FC7600890FCD /* Build configuration list for PBXProject "Booking App" */ = {
			isa = XCConfigurationList;
			buildConfigurations = (
				DE04AD881EB1FC7600890FCD /* Debug */,
				DE04AD891EB1FC7600890FCD /* Release */,
			);
			defaultConfigurationIsVisible = 0;
			defaultConfigurationName = Release;
		};
		DE04AD8A1EB1FC7600890FCD /* Build configuration list for PBXNativeTarget "Booking App" */ = {
			isa = XCConfigurationList;
			buildConfigurations = (
				DE04AD8B1EB1FC7600890FCD /* Debug */,
				DE04AD8C1EB1FC7600890FCD /* Release */,
			);
			defaultConfigurationIsVisible = 0;
			defaultConfigurationName = Release;
		};
/* End XCConfigurationList section */

/* Begin XCVersionGroup section */
		DE04AD7F1EB1FC7600890FCD /* Booking_App.xcdatamodeld */ = {
			isa = XCVersionGroup;
			children = (
				DE04AD801EB1FC7600890FCD /* Booking_App.xcdatamodel */,
			);
			currentVersion = DE04AD801EB1FC7600890FCD /* Booking_App.xcdatamodel */;
			path = Booking_App.xcdatamodeld;
			sourceTree = "<group>";
			versionGroupType = wrapper.xcdatamodel;
		};
/* End XCVersionGroup section */
	};
	rootObject = DE04AD6D1EB1FC7600890FCD /* Project object */;
}
